Microsoft Visual Studio Solution File, Format Version 11.00
# Visual Studio 2008

Project("{793FF799-34D0-D012-20A2-CFC4280F1773}") = "Imagerie", "Assembly-CSharp-firstpass.csproj", "{283145E3-4E54-005B-19AA-D17ACD23E6A6}"
EndProject
Project("{793FF799-34D0-D012-20A2-CFC4280F1773}") = "Imagerie", "Assembly-CSharp.csproj", "{51F220DC-2DBC-B434-58D7-3977CA3C4D98}"
EndProject
Project("{793FF799-34D0-D012-20A2-CFC4280F1773}") = "Imagerie", "Assembly-CSharp-Editor.csproj", "{D347C38C-DA05-560D-BB47-E36D9997E0D9}"
EndProject
Global
	GlobalSection(SolutionConfigurationPlatforms) = preSolution
		Debug|Any CPU = Debug|Any CPU
		Release|Any CPU = Release|Any CPU
	EndGlobalSection
	GlobalSection(ProjectConfigurationPlatforms) = postSolution
		{283145E3-4E54-005B-19AA-D17ACD23E6A6}.Debug|Any CPU.ActiveCfg = Debug|Any CPU
		{283145E3-4E54-005B-19AA-D17ACD23E6A6}.Debug|Any CPU.Build.0 = Debug|Any CPU
		{283145E3-4E54-005B-19AA-D17ACD23E6A6}.Release|Any CPU.ActiveCfg = Release|Any CPU
		{283145E3-4E54-005B-19AA-D17ACD23E6A6}.Release|Any CPU.Build.0 = Release|Any CPU
		{51F220DC-2DBC-B434-58D7-3977CA3C4D98}.Debug|Any CPU.ActiveCfg = Debug|Any CPU
		{51F220DC-2DBC-B434-58D7-3977CA3C4D98}.Debug|Any CPU.Build.0 = Debug|Any CPU
		{51F220DC-2DBC-B434-58D7-3977CA3C4D98}.Release|Any CPU.ActiveCfg = Release|Any CPU
		{51F220DC-2DBC-B434-58D7-3977CA3C4D98}.Release|Any CPU.Build.0 = Release|Any CPU
		{D347C38C-DA05-560D-BB47-E36D9997E0D9}.Debug|Any CPU.ActiveCfg = Debug|Any CPU
		{D347C38C-DA05-560D-BB47-E36D9997E0D9}.Debug|Any CPU.Build.0 = Debug|Any CPU
		{D347C38C-DA05-560D-BB47-E36D9997E0D9}.Release|Any CPU.ActiveCfg = Release|Any CPU
		{D347C38C-DA05-560D-BB47-E36D9997E0D9}.Release|Any CPU.Build.0 = Release|Any CPU
	EndGlobalSection
	GlobalSection(SolutionProperties) = preSolution
		HideSolutionNode = FALSE
	EndGlobalSection
	GlobalSection(MonoDevelopProperties) = preSolution
		StartupItem = Assembly-CSharp.csproj
	EndGlobalSection
EndGlobal
